
Microsoft Visual Studio Solution File, Format Version 12.00
# Visual Studio Version 17
VisualStudioVersion = 17.10.35027.167
MinimumVisualStudioVersion = 10.0.40219.1
Project("{FAE04EC0-301F-11D3-BF4B-00C04F79EFBC}") = "POS_System_API", "POS_System_API\POS_System_API.csproj", "{184FC7FC-F48D-423C-AC74-53A6565D18A6}"
EndProject
Global
	GlobalSection(SolutionConfigurationPlatforms) = preSolution
		Debug|Any CPU = Debug|Any CPU
		Release|Any CPU = Release|Any CPU
	EndGlobalSection
	GlobalSection(ProjectConfigurationPlatforms) = postSolution
		{184FC7FC-F48D-423C-AC74-53A6565D18A6}.Debug|Any CPU.ActiveCfg = Debug|Any CPU
		{184FC7FC-F48D-423C-AC74-53A6565D18A6}.Debug|Any CPU.Build.0 = Debug|Any CPU
		{184FC7FC-F48D-423C-AC74-53A6565D18A6}.Release|Any CPU.ActiveCfg = Release|Any CPU
		{184FC7FC-F48D-423C-AC74-53A6565D18A6}.Release|Any CPU.Build.0 = Release|Any CPU
	EndGlobalSection
	GlobalSection(SolutionProperties) = preSolution
		HideSolutionNode = FALSE
	EndGlobalSection
	GlobalSection(ExtensibilityGlobals) = postSolution
		SolutionGuid = {8FED1C0A-213D-4555-9657-92A6CDF380F8}
	EndGlobalSection
EndGlobal
